
Microsoft Visual Studio Solution File, Format Version 12.00
# Visual Studio Version 16
VisualStudioVersion = 16.0.31702.278
MinimumVisualStudioVersion = 10.0.40219.1
Project("{FAE04EC0-301F-11D3-BF4B-00C04F79EFBC}") = "ClientAppointmentManager", "ClientAppointmentManager.csproj", "{F5E5E3E8-EC29-4FD7-AF55-306C3C9E9B16}"
EndProject
Global
	GlobalSection(SolutionConfigurationPlatforms) = preSolution
		Debug|Any CPU = Debug|Any CPU
		Release|Any CPU = Release|Any CPU
	EndGlobalSection
	GlobalSection(ProjectConfigurationPlatforms) = postSolution
		{F5E5E3E8-EC29-4FD7-AF55-306C3C9E9B16}.Debug|Any CPU.ActiveCfg = Debug|Any CPU
		{F5E5E3E8-EC29-4FD7-AF55-306C3C9E9B16}.Debug|Any CPU.Build.0 = Debug|Any CPU
		{F5E5E3E8-EC29-4FD7-AF55-306C3C9E9B16}.Release|Any CPU.ActiveCfg = Release|Any CPU
		{F5E5E3E8-EC29-4FD7-AF55-306C3C9E9B16}.Release|Any CPU.Build.0 = Release|Any CPU
	EndGlobalSection
	GlobalSection(SolutionProperties) = preSolution
		HideSolutionNode = FALSE
	EndGlobalSection
	GlobalSection(ExtensibilityGlobals) = postSolution
		SolutionGuid = {35249B76-DD2B-4836-941C-B36B5A79FF1A}
	EndGlobalSection
EndGlobal
